
Microsoft Visual Studio Solution File, Format Version 12.00
# Visual Studio Version 17
VisualStudioVersion = 17.3.32901.215
MinimumVisualStudioVersion = 10.0.40219.1
Project("{2150E333-8FDC-42A3-9474-1A3956D46DE8}") = "Library", "Library", "{9FD0D65C-B0E8-41A4-ADC2-AE551AE8F0D0}"
EndProject
Project("{9A19103F-16F7-4668-BE54-9A1E7A4F7556}") = "MagazineLib", "ClassLibrary\MagazineLib.csproj", "{6402FBAC-0440-41CC-8689-2F11D8B715BC}"
EndProject
Project("{2150E333-8FDC-42A3-9474-1A3956D46DE8}") = "Presentation", "Presentation", "{38B84928-141C-4177-94FD-47EDB92D6899}"
	ProjectSection(SolutionItems) = preProject
		Class4.cs = Class4.cs
	EndProjectSection
EndProject
Project("{2150E333-8FDC-42A3-9474-1A3956D46DE8}") = "Testing", "Testing", "{B517EA75-D72B-4B37-AA35-31E1A59AC6F4}"
EndProject
Project("{2150E333-8FDC-42A3-9474-1A3956D46DE8}") = "Lab1", "Lab1", "{D474FF02-CD44-4A1F-A510-35651BC18F13}"
EndProject
Project("{9A19103F-16F7-4668-BE54-9A1E7A4F7556}") = "HelloWorldApp", "HelloWorldApp\HelloWorldApp.csproj", "{96F3C402-28FF-43B8-80D2-94B943F19EDD}"
EndProject
Project("{FAE04EC0-301F-11D3-BF4B-00C04F79EFBC}") = "MagazineObjectDesignTests", "ClassLibrary\MagazineObjectDesignTests\MagazineObjectDesignTests.csproj", "{4011CF53-3F2A-4236-8013-3531C2160163}"
EndProject
Global
	GlobalSection(SolutionConfigurationPlatforms) = preSolution
		Debug|Any CPU = Debug|Any CPU
		Release|Any CPU = Release|Any CPU
	EndGlobalSection
	GlobalSection(ProjectConfigurationPlatforms) = postSolution
		{6402FBAC-0440-41CC-8689-2F11D8B715BC}.Debug|Any CPU.ActiveCfg = Debug|Any CPU
		{6402FBAC-0440-41CC-8689-2F11D8B715BC}.Debug|Any CPU.Build.0 = Debug|Any CPU
		{6402FBAC-0440-41CC-8689-2F11D8B715BC}.Release|Any CPU.ActiveCfg = Release|Any CPU
		{6402FBAC-0440-41CC-8689-2F11D8B715BC}.Release|Any CPU.Build.0 = Release|Any CPU
		{96F3C402-28FF-43B8-80D2-94B943F19EDD}.Debug|Any CPU.ActiveCfg = Debug|Any CPU
		{96F3C402-28FF-43B8-80D2-94B943F19EDD}.Debug|Any CPU.Build.0 = Debug|Any CPU
		{96F3C402-28FF-43B8-80D2-94B943F19EDD}.Release|Any CPU.ActiveCfg = Release|Any CPU
		{96F3C402-28FF-43B8-80D2-94B943F19EDD}.Release|Any CPU.Build.0 = Release|Any CPU
		{4011CF53-3F2A-4236-8013-3531C2160163}.Debug|Any CPU.ActiveCfg = Debug|Any CPU
		{4011CF53-3F2A-4236-8013-3531C2160163}.Debug|Any CPU.Build.0 = Debug|Any CPU
		{4011CF53-3F2A-4236-8013-3531C2160163}.Release|Any CPU.ActiveCfg = Release|Any CPU
		{4011CF53-3F2A-4236-8013-3531C2160163}.Release|Any CPU.Build.0 = Release|Any CPU
	EndGlobalSection
	GlobalSection(SolutionProperties) = preSolution
		HideSolutionNode = FALSE
	EndGlobalSection
	GlobalSection(NestedProjects) = preSolution
		{6402FBAC-0440-41CC-8689-2F11D8B715BC} = {9FD0D65C-B0E8-41A4-ADC2-AE551AE8F0D0}
		{D474FF02-CD44-4A1F-A510-35651BC18F13} = {B517EA75-D72B-4B37-AA35-31E1A59AC6F4}
		{96F3C402-28FF-43B8-80D2-94B943F19EDD} = {D474FF02-CD44-4A1F-A510-35651BC18F13}
		{4011CF53-3F2A-4236-8013-3531C2160163} = {B517EA75-D72B-4B37-AA35-31E1A59AC6F4}
	EndGlobalSection
	GlobalSection(ExtensibilityGlobals) = postSolution
		SolutionGuid = {EF2773D0-E24C-4780-9BA1-149D1B7F088C}
	EndGlobalSection
EndGlobal
